
Microsoft Visual Studio Solution File, Format Version 12.00
# Visual Studio 15
VisualStudioVersion = 15.0.27428.2015
MinimumVisualStudioVersion = 10.0.40219.1
Project("{FAE04EC0-301F-11D3-BF4B-00C04F79EFBC}") = "CoreDirectoryApp", "CoreDirectoryApp\CoreDirectoryApp.csproj", "{B5BB5C64-227C-4FDD-8C2F-D35239D9987F}"
EndProject
Global
	GlobalSection(SolutionConfigurationPlatforms) = preSolution
		Debug|Any CPU = Debug|Any CPU
		Release|Any CPU = Release|Any CPU
	EndGlobalSection
	GlobalSection(ProjectConfigurationPlatforms) = postSolution
		{B5BB5C64-227C-4FDD-8C2F-D35239D9987F}.Debug|Any CPU.ActiveCfg = Debug|Any CPU
		{B5BB5C64-227C-4FDD-8C2F-D35239D9987F}.Debug|Any CPU.Build.0 = Debug|Any CPU
		{B5BB5C64-227C-4FDD-8C2F-D35239D9987F}.Release|Any CPU.ActiveCfg = Release|Any CPU
		{B5BB5C64-227C-4FDD-8C2F-D35239D9987F}.Release|Any CPU.Build.0 = Release|Any CPU
	EndGlobalSection
	GlobalSection(SolutionProperties) = preSolution
		HideSolutionNode = FALSE
	EndGlobalSection
	GlobalSection(ExtensibilityGlobals) = postSolution
		SolutionGuid = {7D4B1D1A-4084-411C-9E25-D48AA113DC4D}
	EndGlobalSection
EndGlobal
